
Microsoft Visual Studio Solution File, Format Version 12.00
# Visual Studio Version 17
VisualStudioVersion = 17.8.34309.116
MinimumVisualStudioVersion = 10.0.40219.1
Project("{8BC9CEB8-8B4A-11D0-8D11-00A0C91BC942}") = "Project2", "Project2.vcxproj", "{CFD5D18F-31C8-496C-A700-FDCF825F0735}"
EndProject
Global
	GlobalSection(SolutionConfigurationPlatforms) = preSolution
		Debug|x64 = Debug|x64
		Debug|x86 = Debug|x86
		Release|x64 = Release|x64
		Release|x86 = Release|x86
	EndGlobalSection
	GlobalSection(ProjectConfigurationPlatforms) = postSolution
		{CFD5D18F-31C8-496C-A700-FDCF825F0735}.Debug|x64.ActiveCfg = Debug|x64
		{CFD5D18F-31C8-496C-A700-FDCF825F0735}.Debug|x64.Build.0 = Debug|x64
		{CFD5D18F-31C8-496C-A700-FDCF825F0735}.Debug|x86.ActiveCfg = Debug|Win32
		{CFD5D18F-31C8-496C-A700-FDCF825F0735}.Debug|x86.Build.0 = Debug|Win32
		{CFD5D18F-31C8-496C-A700-FDCF825F0735}.Release|x64.ActiveCfg = Release|x64
		{CFD5D18F-31C8-496C-A700-FDCF825F0735}.Release|x64.Build.0 = Release|x64
		{CFD5D18F-31C8-496C-A700-FDCF825F0735}.Release|x86.ActiveCfg = Release|Win32
		{CFD5D18F-31C8-496C-A700-FDCF825F0735}.Release|x86.Build.0 = Release|Win32
	EndGlobalSection
	GlobalSection(SolutionProperties) = preSolution
		HideSolutionNode = FALSE
	EndGlobalSection
	GlobalSection(ExtensibilityGlobals) = postSolution
		SolutionGuid = {D377858B-5D5D-4D86-88D8-E56DFF79911B}
	EndGlobalSection
EndGlobal
